
Microsoft Visual Studio Solution File, Format Version 11.00
# Visual Studio 2010
# SharpDevelop 5.1
Project("{FAE04EC0-301F-11D3-BF4B-00C04F79EFBC}") = "Medien Liste", "Medien Liste\Medien Liste.csproj", "{CA030964-6DC0-4B56-99A1-E90D5258B452}"
EndProject
Global
	GlobalSection(SolutionConfigurationPlatforms) = preSolution
		Debug|Any CPU = Debug|Any CPU
		Release|Any CPU = Release|Any CPU
	EndGlobalSection
	GlobalSection(ProjectConfigurationPlatforms) = postSolution
		{CA030964-6DC0-4B56-99A1-E90D5258B452}.Debug|Any CPU.ActiveCfg = Debug|Any CPU
		{CA030964-6DC0-4B56-99A1-E90D5258B452}.Debug|Any CPU.Build.0 = Debug|Any CPU
		{CA030964-6DC0-4B56-99A1-E90D5258B452}.Release|Any CPU.ActiveCfg = Release|Any CPU
		{CA030964-6DC0-4B56-99A1-E90D5258B452}.Release|Any CPU.Build.0 = Release|Any CPU
	EndGlobalSection
EndGlobal
